<Solution>
  <Folder Name="/src/">
    <Project Path="src/CampusStrayCatSystem.Core/CampusStrayCatSystem.Core.csproj" />
    <Project Path="src/CampusStrayCatSystem.Data/CampusStrayCatSystem.Data.csproj" />
    <Project Path="src/CampusStrayCatSystem.Models/CampusStrayCatSystem.Models.csproj" />
  </Folder>
</Solution>
